// !$*UTF8*$!
{
	archiveVersion = 1;
	classes = {
	};
	objectVersion = 46;
	objects = {

/* Begin PBXBuildFile section */
		E055311CE61559B7A14A5414 /* Pods_Zatsudan.framework in Frameworks */ = {isa = PBXBuildFile; fileRef = 66B4439B09BE7A668FFF5ED2 /* Pods_Zatsudan.framework */; };
		FD52FB371CFA6908004E53E9 /* Main.storyboard in Resources */ = {isa = PBXBuildFile; fileRef = FD52FB351CFA6908004E53E9 /* Main.storyboard */; };
		FD52FB391CFA6908004E53E9 /* Assets.xcassets in Resources */ = {isa = PBXBuildFile; fileRef = FD52FB381CFA6908004E53E9 /* Assets.xcassets */; };
		FD52FB3C1CFA6908004E53E9 /* LaunchScreen.storyboard in Resources */ = {isa = PBXBuildFile; fileRef = FD52FB3A1CFA6908004E53E9 /* LaunchScreen.storyboard */; };
		FD52FB481CFA696E004E53E9 /* AppDelegate.swift in Sources */ = {isa = PBXBuildFile; fileRef = FD52FB441CFA696E004E53E9 /* AppDelegate.swift */; };
		FD52FB521CFA7106004E53E9 /* ViewController.swift in Sources */ = {isa = PBXBuildFile; fileRef = FD52FB501CFA7106004E53E9 /* ViewController.swift */; };
		FD52FB551CFA7582004E53E9 /* R.generated.swift in Sources */ = {isa = PBXBuildFile; fileRef = FD52FB541CFA7582004E53E9 /* R.generated.swift */; };
		FD52FB681CFA9530004E53E9 /* SettingViewController.swift in Sources */ = {isa = PBXBuildFile; fileRef = FD52FB671CFA9530004E53E9 /* SettingViewController.swift */; };
		FD52FB6B1CFAAECE004E53E9 /* SwiftyUserDefaultsExtension.swift in Sources */ = {isa = PBXBuildFile; fileRef = FD52FB6A1CFAAECE004E53E9 /* SwiftyUserDefaultsExtension.swift */; };
		FD52FB6D1CFAC010004E53E9 /* Area.swift in Sources */ = {isa = PBXBuildFile; fileRef = FD52FB6C1CFAC010004E53E9 /* Area.swift */; };
		FDA66DB31EE2574E0063DE8B /* AiTalkAddHeader.m in Sources */ = {isa = PBXBuildFile; fileRef = FDA66DB01EE2574E0063DE8B /* AiTalkAddHeader.m */; };
		FDA66DB41EE2574E0063DE8B /* AiTalkAudioPlayer.m in Sources */ = {isa = PBXBuildFile; fileRef = FDA66DB21EE2574E0063DE8B /* AiTalkAudioPlayer.m */; };
		FDA66DB81EE25D230063DE8B /* DOCOMOSDKAitalk.framework in CopyFiles */ = {isa = PBXBuildFile; fileRef = FDA66DB71EE25D230063DE8B /* DOCOMOSDKAitalk.framework */; settings = {ATTRIBUTES = (CodeSignOnCopy, RemoveHeadersOnCopy, ); }; };
		FDA66DBA1EE25D370063DE8B /* DOCOMOSDKDialogue.framework in CopyFiles */ = {isa = PBXBuildFile; fileRef = FDA66DB91EE25D370063DE8B /* DOCOMOSDKDialogue.framework */; settings = {ATTRIBUTES = (CodeSignOnCopy, RemoveHeadersOnCopy, ); }; };
		FDA66DBC1EE25D440063DE8B /* DOCOMOSDKCommon.framework in CopyFiles */ = {isa = PBXBuildFile; fileRef = FDA66DBB1EE25D440063DE8B /* DOCOMOSDKCommon.framework */; settings = {ATTRIBUTES = (CodeSignOnCopy, RemoveHeadersOnCopy, ); }; };
/* End PBXBuildFile section */

/* Begin PBXCopyFilesBuildPhase section */
		FDA66DB61EE25CF40063DE8B /* CopyFiles */ = {
			isa = PBXCopyFilesBuildPhase;
			buildActionMask = 2147483647;
			dstPath = "";
			dstSubfolderSpec = 10;
			files = (
				FDA66DBC1EE25D440063DE8B /* DOCOMOSDKCommon.framework in CopyFiles */,
				FDA66DBA1EE25D370063DE8B /* DOCOMOSDKDialogue.framework in CopyFiles */,
				FDA66DB81EE25D230063DE8B /* DOCOMOSDKAitalk.framework in CopyFiles */,
			);
			runOnlyForDeploymentPostprocessing = 0;
		};
/* End PBXCopyFilesBuildPhase section */

/* Begin PBXFileReference section */
		66B4439B09BE7A668FFF5ED2 /* Pods_Zatsudan.framework */ = {isa = PBXFileReference; explicitFileType = wrapper.framework; includeInIndex = 0; path = Pods_Zatsudan.framework; sourceTree = BUILT_PRODUCTS_DIR; };
		E8C2F86B5E6955A5387EF0F4 /* Pods-Zatsudan.debug.xcconfig */ = {isa = PBXFileReference; includeInIndex = 1; lastKnownFileType = text.xcconfig; name = "Pods-Zatsudan.debug.xcconfig"; path = "Pods/Target Support Files/Pods-Zatsudan/Pods-Zatsudan.debug.xcconfig"; sourceTree = "<group>"; };
		FD52FB2E1CFA6908004E53E9 /* ざつだん.app */ = {isa = PBXFileReference; explicitFileType = wrapper.application; includeInIndex = 0; path = "ざつだん.app"; sourceTree = BUILT_PRODUCTS_DIR; };
		FD52FB361CFA6908004E53E9 /* Base */ = {isa = PBXFileReference; lastKnownFileType = file.storyboard; name = Base; path = Base.lproj/Main.storyboard; sourceTree = "<group>"; };
		FD52FB381CFA6908004E53E9 /* Assets.xcassets */ = {isa = PBXFileReference; lastKnownFileType = folder.assetcatalog; path = Assets.xcassets; sourceTree = "<group>"; };
		FD52FB3B1CFA6908004E53E9 /* Base */ = {isa = PBXFileReference; lastKnownFileType = file.storyboard; name = Base; path = Base.lproj/LaunchScreen.storyboard; sourceTree = "<group>"; };
		FD52FB441CFA696E004E53E9 /* AppDelegate.swift */ = {isa = PBXFileReference; fileEncoding = 4; lastKnownFileType = sourcecode.swift; path = AppDelegate.swift; sourceTree = "<group>"; };
		FD52FB471CFA696E004E53E9 /* Info.plist */ = {isa = PBXFileReference; fileEncoding = 4; lastKnownFileType = text.plist.xml; path = Info.plist; sourceTree = "<group>"; };
		FD52FB501CFA7106004E53E9 /* ViewController.swift */ = {isa = PBXFileReference; fileEncoding = 4; lastKnownFileType = sourcecode.swift; path = ViewController.swift; sourceTree = "<group>"; };
		FD52FB541CFA7582004E53E9 /* R.generated.swift */ = {isa = PBXFileReference; fileEncoding = 4; lastKnownFileType = sourcecode.swift; path = R.generated.swift; sourceTree = "<group>"; };
		FD52FB641CFA8155004E53E9 /* Zatsudan-Bridging-Header.h */ = {isa = PBXFileReference; lastKnownFileType = sourcecode.c.h; path = "Zatsudan-Bridging-Header.h"; sourceTree = "<group>"; };
		FD52FB671CFA9530004E53E9 /* SettingViewController.swift */ = {isa = PBXFileReference; fileEncoding = 4; lastKnownFileType = sourcecode.swift; path = SettingViewController.swift; sourceTree = "<group>"; };
		FD52FB6A1CFAAECE004E53E9 /* SwiftyUserDefaultsExtension.swift */ = {isa = PBXFileReference; fileEncoding = 4; lastKnownFileType = sourcecode.swift; path = SwiftyUserDefaultsExtension.swift; sourceTree = "<group>"; };
		FD52FB6C1CFAC010004E53E9 /* Area.swift */ = {isa = PBXFileReference; fileEncoding = 4; lastKnownFileType = sourcecode.swift; path = Area.swift; sourceTree = "<group>"; };
		FDA66DAF1EE2574E0063DE8B /* AiTalkAddHeader.h */ = {isa = PBXFileReference; fileEncoding = 4; lastKnownFileType = sourcecode.c.h; path = AiTalkAddHeader.h; sourceTree = "<group>"; };
		FDA66DB01EE2574E0063DE8B /* AiTalkAddHeader.m */ = {isa = PBXFileReference; fileEncoding = 4; lastKnownFileType = sourcecode.c.objc; path = AiTalkAddHeader.m; sourceTree = "<group>"; };
		FDA66DB11EE2574E0063DE8B /* AiTalkAudioPlayer.h */ = {isa = PBXFileReference; fileEncoding = 4; lastKnownFileType = sourcecode.c.h; path = AiTalkAudioPlayer.h; sourceTree = "<group>"; };
		FDA66DB21EE2574E0063DE8B /* AiTalkAudioPlayer.m */ = {isa = PBXFileReference; fileEncoding = 4; lastKnownFileType = sourcecode.c.objc; path = AiTalkAudioPlayer.m; sourceTree = "<group>"; };
		FDA66DB71EE25D230063DE8B /* DOCOMOSDKAitalk.framework */ = {isa = PBXFileReference; lastKnownFileType = wrapper.framework; name = DOCOMOSDKAitalk.framework; path = Libraries/AITalkSDK/DOCOMOSDKAitalk.framework; sourceTree = "<group>"; };
		FDA66DB91EE25D370063DE8B /* DOCOMOSDKDialogue.framework */ = {isa = PBXFileReference; lastKnownFileType = wrapper.framework; name = DOCOMOSDKDialogue.framework; path = Libraries/DialogueApiSDK/DOCOMOSDKDialogue.framework; sourceTree = "<group>"; };
		FDA66DBB1EE25D440063DE8B /* DOCOMOSDKCommon.framework */ = {isa = PBXFileReference; lastKnownFileType = wrapper.framework; name = DOCOMOSDKCommon.framework; path = Libraries/DocomoCommon/DOCOMOSDKCommon.framework; sourceTree = "<group>"; };
		FE03578A6DE4423D87F47DC6 /* Pods-Zatsudan.release.xcconfig */ = {isa = PBXFileReference; includeInIndex = 1; lastKnownFileType = text.xcconfig; name = "Pods-Zatsudan.release.xcconfig"; path = "Pods/Target Support Files/Pods-Zatsudan/Pods-Zatsudan.release.xcconfig"; sourceTree = "<group>"; };
/* End PBXFileReference section */

/* Begin PBXFrameworksBuildPhase section */
		FD52FB2B1CFA6908004E53E9 /* Frameworks */ = {
			isa = PBXFrameworksBuildPhase;
			buildActionMask = 2147483647;
			files = (
				E055311CE61559B7A14A5414 /* Pods_Zatsudan.framework in Frameworks */,
			);
			runOnlyForDeploymentPostprocessing = 0;
		};
/* End PBXFrameworksBuildPhase section */

/* Begin PBXGroup section */
		2E6545492538889CF8C1489C /* Pods */ = {
			isa = PBXGroup;
			children = (
				E8C2F86B5E6955A5387EF0F4 /* Pods-Zatsudan.debug.xcconfig */,
				FE03578A6DE4423D87F47DC6 /* Pods-Zatsudan.release.xcconfig */,
			);
			name = Pods;
			sourceTree = "<group>";
		};
		6002879BC6F40EBF5A753321 /* Frameworks */ = {
			isa = PBXGroup;
			children = (
				FDA66DBB1EE25D440063DE8B /* DOCOMOSDKCommon.framework */,
				FDA66DB91EE25D370063DE8B /* DOCOMOSDKDialogue.framework */,
				FDA66DB71EE25D230063DE8B /* DOCOMOSDKAitalk.framework */,
				66B4439B09BE7A668FFF5ED2 /* Pods_Zatsudan.framework */,
			);
			name = Frameworks;
			sourceTree = "<group>";
		};
		FD52FB251CFA6908004E53E9 = {
			isa = PBXGroup;
			children = (
				FD52FB301CFA6908004E53E9 /* Zatsudan */,
				FD52FB2F1CFA6908004E53E9 /* Products */,
				2E6545492538889CF8C1489C /* Pods */,
				6002879BC6F40EBF5A753321 /* Frameworks */,
			);
			sourceTree = "<group>";
		};
		FD52FB2F1CFA6908004E53E9 /* Products */ = {
			isa = PBXGroup;
			children = (
				FD52FB2E1CFA6908004E53E9 /* ざつだん.app */,
			);
			name = Products;
			sourceTree = "<group>";
		};
		FD52FB301CFA6908004E53E9 /* Zatsudan */ = {
			isa = PBXGroup;
			children = (
				FD52FB431CFA696E004E53E9 /* Classes */,
				FD52FB461CFA696E004E53E9 /* Supporting Files */,
				FD52FB351CFA6908004E53E9 /* Main.storyboard */,
				FD52FB381CFA6908004E53E9 /* Assets.xcassets */,
				FD52FB3A1CFA6908004E53E9 /* LaunchScreen.storyboard */,
			);
			path = Zatsudan;
			sourceTree = "<group>";
		};
		FD52FB431CFA696E004E53E9 /* Classes */ = {
			isa = PBXGroup;
			children = (
				FD52FB4B1CFA7106004E53E9 /* Entities */,
				FD52FB4C1CFA7106004E53E9 /* Models */,
				FD52FB4D1CFA7106004E53E9 /* Modules */,
				FD52FB4E1CFA7106004E53E9 /* Presenters */,
				FD52FB4F1CFA7106004E53E9 /* ViewControllers */,
				FD52FB511CFA7106004E53E9 /* Views */,
				FD52FB441CFA696E004E53E9 /* AppDelegate.swift */,
			);
			path = Classes;
			sourceTree = "<group>";
		};
		FD52FB461CFA696E004E53E9 /* Supporting Files */ = {
			isa = PBXGroup;
			children = (
				FD52FB641CFA8155004E53E9 /* Zatsudan-Bridging-Header.h */,
				FD52FB541CFA7582004E53E9 /* R.generated.swift */,
				FD52FB471CFA696E004E53E9 /* Info.plist */,
			);
			path = "Supporting Files";
			sourceTree = "<group>";
		};
		FD52FB4B1CFA7106004E53E9 /* Entities */ = {
			isa = PBXGroup;
			children = (
				FD52FB6C1CFAC010004E53E9 /* Area.swift */,
			);
			path = Entities;
			sourceTree = "<group>";
		};
		FD52FB4C1CFA7106004E53E9 /* Models */ = {
			isa = PBXGroup;
			children = (
			);
			path = Models;
			sourceTree = "<group>";
		};
		FD52FB4D1CFA7106004E53E9 /* Modules */ = {
			isa = PBXGroup;
			children = (
				FDA66DAE1EE2574E0063DE8B /* AiTalk */,
				FD52FB691CFAAEC1004E53E9 /* SwiftyUserDefaults */,
			);
			path = Modules;
			sourceTree = "<group>";
		};
		FD52FB4E1CFA7106004E53E9 /* Presenters */ = {
			isa = PBXGroup;
			children = (
			);
			path = Presenters;
			sourceTree = "<group>";
		};
		FD52FB4F1CFA7106004E53E9 /* ViewControllers */ = {
			isa = PBXGroup;
			children = (
				FD52FB501CFA7106004E53E9 /* ViewController.swift */,
				FD52FB671CFA9530004E53E9 /* SettingViewController.swift */,
			);
			path = ViewControllers;
			sourceTree = "<group>";
		};
		FD52FB511CFA7106004E53E9 /* Views */ = {
			isa = PBXGroup;
			children = (
			);
			path = Views;
			sourceTree = "<group>";
		};
		FD52FB691CFAAEC1004E53E9 /* SwiftyUserDefaults */ = {
			isa = PBXGroup;
			children = (
				FD52FB6A1CFAAECE004E53E9 /* SwiftyUserDefaultsExtension.swift */,
			);
			path = SwiftyUserDefaults;
			sourceTree = "<group>";
		};
		FDA66DAE1EE2574E0063DE8B /* AiTalk */ = {
			isa = PBXGroup;
			children = (
				FDA66DAF1EE2574E0063DE8B /* AiTalkAddHeader.h */,
				FDA66DB01EE2574E0063DE8B /* AiTalkAddHeader.m */,
				FDA66DB11EE2574E0063DE8B /* AiTalkAudioPlayer.h */,
				FDA66DB21EE2574E0063DE8B /* AiTalkAudioPlayer.m */,
			);
			path = AiTalk;
			sourceTree = "<group>";
		};
/* End PBXGroup section */

/* Begin PBXNativeTarget section */
		FD52FB2D1CFA6908004E53E9 /* Zatsudan */ = {
			isa = PBXNativeTarget;
			buildConfigurationList = FD52FB401CFA6908004E53E9 /* Build configuration list for PBXNativeTarget "Zatsudan" */;
			buildPhases = (
				9AD755F806D13315651DD47D /* [CP] Check Pods Manifest.lock */,
				FD52FB531CFA751E004E53E9 /* Run Script */,
				FD52FB2A1CFA6908004E53E9 /* Sources */,
				FD52FB2B1CFA6908004E53E9 /* Frameworks */,
				FD52FB2C1CFA6908004E53E9 /* Resources */,
				FDA66DB61EE25CF40063DE8B /* CopyFiles */,
				2A2391A000084C2DD27BE0F8 /* [CP] Embed Pods Frameworks */,
				86E463005175B620648B7FD5 /* [CP] Copy Pods Resources */,
			);
			buildRules = (
			);
			dependencies = (
			);
			name = Zatsudan;
			productName = Zatsudan;
			productReference = FD52FB2E1CFA6908004E53E9 /* ざつだん.app */;
			productType = "com.apple.product-type.application";
		};
/* End PBXNativeTarget section */

/* Begin PBXProject section */
		FD52FB261CFA6908004E53E9 /* Project object */ = {
			isa = PBXProject;
			attributes = {
				LastSwiftUpdateCheck = 0730;
				LastUpgradeCheck = 0730;
				ORGANIZATIONNAME = "Hispot Co., LTD.";
				TargetAttributes = {
					FD52FB2D1CFA6908004E53E9 = {
						CreatedOnToolsVersion = 7.3;
						DevelopmentTeam = VCLT7WRSQ7;
						LastSwiftMigration = 0830;
					};
				};
			};
			buildConfigurationList = FD52FB291CFA6908004E53E9 /* Build configuration list for PBXProject "Zatsudan" */;
			compatibilityVersion = "Xcode 3.2";
			developmentRegion = English;
			hasScannedForEncodings = 0;
			knownRegions = (
				en,
				Base,
			);
			mainGroup = FD52FB251CFA6908004E53E9;
			productRefGroup = FD52FB2F1CFA6908004E53E9 /* Products */;
			projectDirPath = "";
			projectRoot = "";
			targets = (
				FD52FB2D1CFA6908004E53E9 /* Zatsudan */,
			);
		};
/* End PBXProject section */

/* Begin PBXResourcesBuildPhase section */
		FD52FB2C1CFA6908004E53E9 /* Resources */ = {
			isa = PBXResourcesBuildPhase;
			buildActionMask = 2147483647;
			files = (
				FD52FB3C1CFA6908004E53E9 /* LaunchScreen.storyboard in Resources */,
				FD52FB391CFA6908004E53E9 /* Assets.xcassets in Resources */,
				FD52FB371CFA6908004E53E9 /* Main.storyboard in Resources */,
			);
			runOnlyForDeploymentPostprocessing = 0;
		};
/* End PBXResourcesBuildPhase section */

/* Begin PBXShellScriptBuildPhase section */
		2A2391A000084C2DD27BE0F8 /* [CP] Embed Pods Frameworks */ = {
			isa = PBXShellScriptBuildPhase;
			buildActionMask = 2147483647;
			files = (
			);
			inputPaths = (
			);
			name = "[CP] Embed Pods Frameworks";
			outputPaths = (
			);
			runOnlyForDeploymentPostprocessing = 0;
			shellPath = /bin/sh;
			shellScript = "\"${SRCROOT}/Pods/Target Support Files/Pods-Zatsudan/Pods-Zatsudan-frameworks.sh\"\n";
			showEnvVarsInLog = 0;
		};
		86E463005175B620648B7FD5 /* [CP] Copy Pods Resources */ = {
			isa = PBXShellScriptBuildPhase;
			buildActionMask = 2147483647;
			files = (
			);
			inputPaths = (
			);
			name = "[CP] Copy Pods Resources";
			outputPaths = (
			);
			runOnlyForDeploymentPostprocessing = 0;
			shellPath = /bin/sh;
			shellScript = "\"${SRCROOT}/Pods/Target Support Files/Pods-Zatsudan/Pods-Zatsudan-resources.sh\"\n";
			showEnvVarsInLog = 0;
		};
		9AD755F806D13315651DD47D /* [CP] Check Pods Manifest.lock */ = {
			isa = PBXShellScriptBuildPhase;
			buildActionMask = 2147483647;
			files = (
			);
			inputPaths = (
			);
			name = "[CP] Check Pods Manifest.lock";
			outputPaths = (
			);
			runOnlyForDeploymentPostprocessing = 0;
			shellPath = /bin/sh;
			shellScript = "diff \"${PODS_PODFILE_DIR_PATH}/Podfile.lock\" \"${PODS_ROOT}/Manifest.lock\" > /dev/null\nif [ $? != 0 ] ; then\n    # print error to STDERR\n    echo \"error: The sandbox is not in sync with the Podfile.lock. Run 'pod install' or update your CocoaPods installation.\" >&2\n    exit 1\nfi\n";
			showEnvVarsInLog = 0;
		};
		FD52FB531CFA751E004E53E9 /* Run Script */ = {
			isa = PBXShellScriptBuildPhase;
			buildActionMask = 2147483647;
			files = (
			);
			inputPaths = (
			);
			name = "Run Script";
			outputPaths = (
			);
			runOnlyForDeploymentPostprocessing = 0;
			shellPath = /bin/sh;
			shellScript = "\"$PODS_ROOT/R.swift/rswift\" \"$SRCROOT/Zatsudan/Supporting Files\"";
		};
/* End PBXShellScriptBuildPhase section */

/* Begin PBXSourcesBuildPhase section */
		FD52FB2A1CFA6908004E53E9 /* Sources */ = {
			isa = PBXSourcesBuildPhase;
			buildActionMask = 2147483647;
			files = (
				FD52FB521CFA7106004E53E9 /* ViewController.swift in Sources */,
				FD52FB481CFA696E004E53E9 /* AppDelegate.swift in Sources */,
				FDA66DB31EE2574E0063DE8B /* AiTalkAddHeader.m in Sources */,
				FDA66DB41EE2574E0063DE8B /* AiTalkAudioPlayer.m in Sources */,
				FD52FB551CFA7582004E53E9 /* R.generated.swift in Sources */,
				FD52FB681CFA9530004E53E9 /* SettingViewController.swift in Sources */,
				FD52FB6D1CFAC010004E53E9 /* Area.swift in Sources */,
				FD52FB6B1CFAAECE004E53E9 /* SwiftyUserDefaultsExtension.swift in Sources */,
			);
			runOnlyForDeploymentPostprocessing = 0;
		};
/* End PBXSourcesBuildPhase section */

/* Begin PBXVariantGroup section */
		FD52FB351CFA6908004E53E9 /* Main.storyboard */ = {
			isa = PBXVariantGroup;
			children = (
				FD52FB361CFA6908004E53E9 /* Base */,
			);
			name = Main.storyboard;
			sourceTree = "<group>";
		};
		FD52FB3A1CFA6908004E53E9 /* LaunchScreen.storyboard */ = {
			isa = PBXVariantGroup;
			children = (
				FD52FB3B1CFA6908004E53E9 /* Base */,
			);
			name = LaunchScreen.storyboard;
			sourceTree = "<group>";
		};
/* End PBXVariantGroup section */

/* Begin XCBuildConfiguration section */
		FD52FB3E1CFA6908004E53E9 /* Debug */ = {
			isa = XCBuildConfiguration;
			buildSettings = {
				ALWAYS_SEARCH_USER_PATHS = NO;
				CLANG_ANALYZER_NONNULL = YES;
				CLANG_CXX_LANGUAGE_STANDARD = "gnu++0x";
				CLANG_CXX_LIBRARY = "libc++";
				CLANG_ENABLE_MODULES = YES;
				CLANG_ENABLE_OBJC_ARC = YES;
				CLANG_WARN_BOOL_CONVERSION = YES;
				CLANG_WARN_CONSTANT_CONVERSION = YES;
				CLANG_WARN_DIRECT_OBJC_ISA_USAGE = YES_ERROR;
				CLANG_WARN_EMPTY_BODY = YES;
				CLANG_WARN_ENUM_CONVERSION = YES;
				CLANG_WARN_INT_CONVERSION = YES;
				CLANG_WARN_OBJC_ROOT_CLASS = YES_ERROR;
				CLANG_WARN_UNREACHABLE_CODE = YES;
				CLANG_WARN__DUPLICATE_METHOD_MATCH = YES;
				"CODE_SIGN_IDENTITY[sdk=iphoneos*]" = "iPhone Developer";
				COPY_PHASE_STRIP = NO;
				DEBUG_INFORMATION_FORMAT = dwarf;
				ENABLE_STRICT_OBJC_MSGSEND = YES;
				ENABLE_TESTABILITY = YES;
				GCC_C_LANGUAGE_STANDARD = gnu99;
				GCC_DYNAMIC_NO_PIC = NO;
				GCC_NO_COMMON_BLOCKS = YES;
				GCC_OPTIMIZATION_LEVEL = 0;
				GCC_PREPROCESSOR_DEFINITIONS = (
					"DEBUG=1",
					"$(inherited)",
				);
				GCC_WARN_64_TO_32_BIT_CONVERSION = YES;
				GCC_WARN_ABOUT_RETURN_TYPE = YES_ERROR;
				GCC_WARN_UNDECLARED_SELECTOR = YES;
				GCC_WARN_UNINITIALIZED_AUTOS = YES_AGGRESSIVE;
				GCC_WARN_UNUSED_FUNCTION = YES;
				GCC_WARN_UNUSED_VARIABLE = YES;
				IPHONEOS_DEPLOYMENT_TARGET = 9.3;
				MTL_ENABLE_DEBUG_INFO = YES;
				ONLY_ACTIVE_ARCH = YES;
				SDKROOT = iphoneos;
				SWIFT_OPTIMIZATION_LEVEL = "-Onone";
				TARGETED_DEVICE_FAMILY = "1,2";
			};
			name = Debug;
		};
		FD52FB3F1CFA6908004E53E9 /* Release */ = {
			isa = XCBuildConfiguration;
			buildSettings = {
				ALWAYS_SEARCH_USER_PATHS = NO;
				CLANG_ANALYZER_NONNULL = YES;
				CLANG_CXX_LANGUAGE_STANDARD = "gnu++0x";
				CLANG_CXX_LIBRARY = "libc++";
				CLANG_ENABLE_MODULES = YES;
				CLANG_ENABLE_OBJC_ARC = YES;
				CLANG_WARN_BOOL_CONVERSION = YES;
				CLANG_WARN_CONSTANT_CONVERSION = YES;
				CLANG_WARN_DIRECT_OBJC_ISA_USAGE = YES_ERROR;
				CLANG_WARN_EMPTY_BODY = YES;
				CLANG_WARN_ENUM_CONVERSION = YES;
				CLANG_WARN_INT_CONVERSION = YES;
				CLANG_WARN_OBJC_ROOT_CLASS = YES_ERROR;
				CLANG_WARN_UNREACHABLE_CODE = YES;
				CLANG_WARN__DUPLICATE_METHOD_MATCH = YES;
				"CODE_SIGN_IDENTITY[sdk=iphoneos*]" = "iPhone Developer";
				COPY_PHASE_STRIP = NO;
				DEBUG_INFORMATION_FORMAT = "dwarf-with-dsym";
				ENABLE_NS_ASSERTIONS = NO;
				ENABLE_STRICT_OBJC_MSGSEND = YES;
				GCC_C_LANGUAGE_STANDARD = gnu99;
				GCC_NO_COMMON_BLOCKS = YES;
				GCC_WARN_64_TO_32_BIT_CONVERSION = YES;
				GCC_WARN_ABOUT_RETURN_TYPE = YES_ERROR;
				GCC_WARN_UNDECLARED_SELECTOR = YES;
				GCC_WARN_UNINITIALIZED_AUTOS = YES_AGGRESSIVE;
				GCC_WARN_UNUSED_FUNCTION = YES;
				GCC_WARN_UNUSED_VARIABLE = YES;
				IPHONEOS_DEPLOYMENT_TARGET = 9.3;
				MTL_ENABLE_DEBUG_INFO = NO;
				SDKROOT = iphoneos;
				TARGETED_DEVICE_FAMILY = "1,2";
				VALIDATE_PRODUCT = YES;
			};
			name = Release;
		};
		FD52FB411CFA6908004E53E9 /* Debug */ = {
			isa = XCBuildConfiguration;
			baseConfigurationReference = E8C2F86B5E6955A5387EF0F4 /* Pods-Zatsudan.debug.xcconfig */;
			buildSettings = {
				ASSETCATALOG_COMPILER_APPICON_NAME = AppIcon;
				CLANG_ENABLE_MODULES = YES;
				DEVELOPMENT_TEAM = VCLT7WRSQ7;
				ENABLE_BITCODE = NO;
				FRAMEWORK_SEARCH_PATHS = (
					"$(inherited)",
					"$(PROJECT_DIR)/Libraries/DialogueApiSDK",
					"$(PROJECT_DIR)/Libraries/DocomoCommon",
					"$(PROJECT_DIR)/Libraries/AITalkSDK",
				);
				HEADER_SEARCH_PATHS = (
					"$(inherited)",
					"\"${PODS_ROOT}/Headers/Public\"",
					"\"${PODS_ROOT}/Headers/Public/R.swift\"",
					"\"$(SRCROOT)/Libraries/\"/**",
				);
				INFOPLIST_FILE = "Zatsudan/Supporting Files/Info.plist";
				IPHONEOS_DEPLOYMENT_TARGET = 9.0;
				LD_RUNPATH_SEARCH_PATHS = "$(inherited) @executable_path/Frameworks";
				LIBRARY_SEARCH_PATHS = "$(inherited)";
				PRODUCT_BUNDLE_IDENTIFIER = jp.co.hispot.Zatsudan;
				PRODUCT_NAME = "ざつだん";
				SWIFT_OBJC_BRIDGING_HEADER = "Zatsudan/Supporting Files/Zatsudan-Bridging-Header.h";
				SWIFT_OPTIMIZATION_LEVEL = "-Onone";
				SWIFT_VERSION = 3.0;
			};
			name = Debug;
		};
		FD52FB421CFA6908004E53E9 /* Release */ = {
			isa = XCBuildConfiguration;
			baseConfigurationReference = FE03578A6DE4423D87F47DC6 /* Pods-Zatsudan.release.xcconfig */;
			buildSettings = {
				ASSETCATALOG_COMPILER_APPICON_NAME = AppIcon;
				CLANG_ENABLE_MODULES = YES;
				DEVELOPMENT_TEAM = VCLT7WRSQ7;
				ENABLE_BITCODE = NO;
				FRAMEWORK_SEARCH_PATHS = (
					"$(inherited)",
					"$(PROJECT_DIR)/Libraries/DialogueApiSDK",
					"$(PROJECT_DIR)/Libraries/DocomoCommon",
					"$(PROJECT_DIR)/Libraries/AITalkSDK",
				);
				HEADER_SEARCH_PATHS = (
					"$(inherited)",
					"\"${PODS_ROOT}/Headers/Public\"",
					"\"${PODS_ROOT}/Headers/Public/R.swift\"",
					"\"$(SRCROOT)/Libraries/\"/**",
				);
				INFOPLIST_FILE = "Zatsudan/Supporting Files/Info.plist";
				IPHONEOS_DEPLOYMENT_TARGET = 9.0;
				LD_RUNPATH_SEARCH_PATHS = "$(inherited) @executable_path/Frameworks";
				LIBRARY_SEARCH_PATHS = "$(inherited)";
				PRODUCT_BUNDLE_IDENTIFIER = jp.co.hispot.Zatsudan;
				PRODUCT_NAME = "ざつだん";
				SWIFT_OBJC_BRIDGING_HEADER = "Zatsudan/Supporting Files/Zatsudan-Bridging-Header.h";
				SWIFT_VERSION = 3.0;
			};
			name = Release;
		};
/* End XCBuildConfiguration section */

/* Begin XCConfigurationList section */
		FD52FB291CFA6908004E53E9 /* Build configuration list for PBXProject "Zatsudan" */ = {
			isa = XCConfigurationList;
			buildConfigurations = (
				FD52FB3E1CFA6908004E53E9 /* Debug */,
				FD52FB3F1CFA6908004E53E9 /* Release */,
			);
			defaultConfigurationIsVisible = 0;
			defaultConfigurationName = Release;
		};
		FD52FB401CFA6908004E53E9 /* Build configuration list for PBXNativeTarget "Zatsudan" */ = {
			isa = XCConfigurationList;
			buildConfigurations = (
				FD52FB411CFA6908004E53E9 /* Debug */,
				FD52FB421CFA6908004E53E9 /* Release */,
			);
			defaultConfigurationIsVisible = 0;
			defaultConfigurationName = Release;
		};
/* End XCConfigurationList section */
	};
	rootObject = FD52FB261CFA6908004E53E9 /* Project object */;
}
